
Microsoft Visual Studio Solution File, Format Version 12.00
# Visual Studio Version 16
VisualStudioVersion = 16.0.30804.86
MinimumVisualStudioVersion = 10.0.40219.1
Project("{9A19103F-16F7-4668-BE54-9A1E7A4F7556}") = "AreaPerimeter calculator program", "AreaPerimeter calculator program.csproj", "{9153D295-606B-45C7-9E8E-A9926DB3E5CC}"
EndProject
Global
	GlobalSection(SolutionConfigurationPlatforms) = preSolution
		Debug|Any CPU = Debug|Any CPU
		Release|Any CPU = Release|Any CPU
	EndGlobalSection
	GlobalSection(ProjectConfigurationPlatforms) = postSolution
		{9153D295-606B-45C7-9E8E-A9926DB3E5CC}.Debug|Any CPU.ActiveCfg = Debug|Any CPU
		{9153D295-606B-45C7-9E8E-A9926DB3E5CC}.Debug|Any CPU.Build.0 = Debug|Any CPU
		{9153D295-606B-45C7-9E8E-A9926DB3E5CC}.Release|Any CPU.ActiveCfg = Release|Any CPU
		{9153D295-606B-45C7-9E8E-A9926DB3E5CC}.Release|Any CPU.Build.0 = Release|Any CPU
	EndGlobalSection
	GlobalSection(SolutionProperties) = preSolution
		HideSolutionNode = FALSE
	EndGlobalSection
	GlobalSection(ExtensibilityGlobals) = postSolution
		SolutionGuid = {09AC8996-B15B-4A35-BDEC-2C98E0B70E87}
	EndGlobalSection
EndGlobal
